
Microsoft Visual Studio Solution File, Format Version 12.00
# Visual Studio 2015
Project("{FAE04EC0-301F-11D3-BF4B-00C04F79EFBC}") = "SistemaDeInventario.CSharp.Plugins", "SistemaDeInventario.CSharp.Plugins.csproj", "{4862CE5A-DF9C-CB2D-0A09-469C445F78D7}"
EndProject
Project("{FAE04EC0-301F-11D3-BF4B-00C04F79EFBC}") = "SistemaDeInventario.CSharp", "SistemaDeInventario.CSharp.csproj", "{12C861EE-574D-E3D2-00D9-10B453905EC6}"
EndProject
Project("{FAE04EC0-301F-11D3-BF4B-00C04F79EFBC}") = "SistemaDeInventario.CSharp.Editor.Plugins", "SistemaDeInventario.CSharp.Editor.Plugins.csproj", "{5BFDCF17-4D9B-2534-43E9-B12A2429ECDE}"
EndProject
Global
	GlobalSection(SolutionConfigurationPlatforms) = preSolution
		Debug|Any CPU = Debug|Any CPU
		Release|Any CPU = Release|Any CPU
	EndGlobalSection
	GlobalSection(ProjectConfigurationPlatforms) = postSolution
		{4862CE5A-DF9C-CB2D-0A09-469C445F78D7}.Debug|Any CPU.ActiveCfg = Debug|Any CPU
		{4862CE5A-DF9C-CB2D-0A09-469C445F78D7}.Debug|Any CPU.Build.0 = Debug|Any CPU
		{4862CE5A-DF9C-CB2D-0A09-469C445F78D7}.Release|Any CPU.ActiveCfg = Release|Any CPU
		{4862CE5A-DF9C-CB2D-0A09-469C445F78D7}.Release|Any CPU.Build.0 = Release|Any CPU
		{12C861EE-574D-E3D2-00D9-10B453905EC6}.Debug|Any CPU.ActiveCfg = Debug|Any CPU
		{12C861EE-574D-E3D2-00D9-10B453905EC6}.Debug|Any CPU.Build.0 = Debug|Any CPU
		{12C861EE-574D-E3D2-00D9-10B453905EC6}.Release|Any CPU.ActiveCfg = Release|Any CPU
		{12C861EE-574D-E3D2-00D9-10B453905EC6}.Release|Any CPU.Build.0 = Release|Any CPU
		{5BFDCF17-4D9B-2534-43E9-B12A2429ECDE}.Debug|Any CPU.ActiveCfg = Debug|Any CPU
		{5BFDCF17-4D9B-2534-43E9-B12A2429ECDE}.Debug|Any CPU.Build.0 = Debug|Any CPU
		{5BFDCF17-4D9B-2534-43E9-B12A2429ECDE}.Release|Any CPU.ActiveCfg = Release|Any CPU
		{5BFDCF17-4D9B-2534-43E9-B12A2429ECDE}.Release|Any CPU.Build.0 = Release|Any CPU
	EndGlobalSection
	GlobalSection(SolutionProperties) = preSolution
		HideSolutionNode = FALSE
	EndGlobalSection
EndGlobal
